// !$*UTF8*$!
{
	archiveVersion = 1;
	classes = {
	};
	objectVersion = 50;
	objects = {

/* Begin PBXBuildFile section */
		7ABFCBD124E4EBFD0012EF39 /* AppDelegate.swift in Sources */ = {isa = PBXBuildFile; fileRef = 7ABFCBD024E4EBFD0012EF39 /* AppDelegate.swift */; };
		7ABFCBD324E4EBFD0012EF39 /* SceneDelegate.swift in Sources */ = {isa = PBXBuildFile; fileRef = 7ABFCBD224E4EBFD0012EF39 /* SceneDelegate.swift */; };
		7ABFCBD524E4EBFD0012EF39 /* ContentView.swift in Sources */ = {isa = PBXBuildFile; fileRef = 7ABFCBD424E4EBFD0012EF39 /* ContentView.swift */; };
		7ABFCBD724E4EC010012EF39 /* Assets.xcassets in Resources */ = {isa = PBXBuildFile; fileRef = 7ABFCBD624E4EC010012EF39 /* Assets.xcassets */; };
		7ABFCBDA24E4EC010012EF39 /* Preview Assets.xcassets in Resources */ = {isa = PBXBuildFile; fileRef = 7ABFCBD924E4EC010012EF39 /* Preview Assets.xcassets */; };
		7ABFCBDD24E4EC010012EF39 /* LaunchScreen.storyboard in Resources */ = {isa = PBXBuildFile; fileRef = 7ABFCBDB24E4EC010012EF39 /* LaunchScreen.storyboard */; };
		7ABFCBE824E4EC010012EF39 /* walletTests.swift in Sources */ = {isa = PBXBuildFile; fileRef = 7ABFCBE724E4EC010012EF39 /* walletTests.swift */; };
		7ABFCBF324E4EC010012EF39 /* walletUITests.swift in Sources */ = {isa = PBXBuildFile; fileRef = 7ABFCBF224E4EC010012EF39 /* walletUITests.swift */; };
/* End PBXBuildFile section */

/* Begin PBXContainerItemProxy section */
		7ABFCBE424E4EC010012EF39 /* PBXContainerItemProxy */ = {
			isa = PBXContainerItemProxy;
			containerPortal = 7ABFCBC524E4EBFD0012EF39 /* Project object */;
			proxyType = 1;
			remoteGlobalIDString = 7ABFCBCC24E4EBFD0012EF39;
			remoteInfo = wallet;
		};
		7ABFCBEF24E4EC010012EF39 /* PBXContainerItemProxy */ = {
			isa = PBXContainerItemProxy;
			containerPortal = 7ABFCBC524E4EBFD0012EF39 /* Project object */;
			proxyType = 1;
			remoteGlobalIDString = 7ABFCBCC24E4EBFD0012EF39;
			remoteInfo = wallet;
		};
/* End PBXContainerItemProxy section */

/* Begin PBXFileReference section */
		7ABFCBCD24E4EBFD0012EF39 /* wallet.app */ = {isa = PBXFileReference; explicitFileType = wrapper.application; includeInIndex = 0; path = wallet.app; sourceTree = BUILT_PRODUCTS_DIR; };
		7ABFCBD024E4EBFD0012EF39 /* AppDelegate.swift */ = {isa = PBXFileReference; lastKnownFileType = sourcecode.swift; path = AppDelegate.swift; sourceTree = "<group>"; };
		7ABFCBD224E4EBFD0012EF39 /* SceneDelegate.swift */ = {isa = PBXFileReference; lastKnownFileType = sourcecode.swift; path = SceneDelegate.swift; sourceTree = "<group>"; };
		7ABFCBD424E4EBFD0012EF39 /* ContentView.swift */ = {isa = PBXFileReference; lastKnownFileType = sourcecode.swift; path = ContentView.swift; sourceTree = "<group>"; };
		7ABFCBD624E4EC010012EF39 /* Assets.xcassets */ = {isa = PBXFileReference; lastKnownFileType = folder.assetcatalog; path = Assets.xcassets; sourceTree = "<group>"; };
		7ABFCBD924E4EC010012EF39 /* Preview Assets.xcassets */ = {isa = PBXFileReference; lastKnownFileType = folder.assetcatalog; path = "Preview Assets.xcassets"; sourceTree = "<group>"; };
		7ABFCBDC24E4EC010012EF39 /* Base */ = {isa = PBXFileReference; lastKnownFileType = file.storyboard; name = Base; path = Base.lproj/LaunchScreen.storyboard; sourceTree = "<group>"; };
		7ABFCBDE24E4EC010012EF39 /* Info.plist */ = {isa = PBXFileReference; lastKnownFileType = text.plist.xml; path = Info.plist; sourceTree = "<group>"; };
		7ABFCBE324E4EC010012EF39 /* walletTests.xctest */ = {isa = PBXFileReference; explicitFileType = wrapper.cfbundle; includeInIndex = 0; path = walletTests.xctest; sourceTree = BUILT_PRODUCTS_DIR; };
		7ABFCBE724E4EC010012EF39 /* walletTests.swift */ = {isa = PBXFileReference; lastKnownFileType = sourcecode.swift; path = walletTests.swift; sourceTree = "<group>"; };
		7ABFCBE924E4EC010012EF39 /* Info.plist */ = {isa = PBXFileReference; lastKnownFileType = text.plist.xml; path = Info.plist; sourceTree = "<group>"; };
		7ABFCBEE24E4EC010012EF39 /* walletUITests.xctest */ = {isa = PBXFileReference; explicitFileType = wrapper.cfbundle; includeInIndex = 0; path = walletUITests.xctest; sourceTree = BUILT_PRODUCTS_DIR; };
		7ABFCBF224E4EC010012EF39 /* walletUITests.swift */ = {isa = PBXFileReference; lastKnownFileType = sourcecode.swift; path = walletUITests.swift; sourceTree = "<group>"; };
		7ABFCBF424E4EC010012EF39 /* Info.plist */ = {isa = PBXFileReference; lastKnownFileType = text.plist.xml; path = Info.plist; sourceTree = "<group>"; };
/* End PBXFileReference section */

/* Begin PBXFrameworksBuildPhase section */
		7ABFCBCA24E4EBFD0012EF39 /* Frameworks */ = {
			isa = PBXFrameworksBuildPhase;
			buildActionMask = 2147483647;
			files = (
			);
			runOnlyForDeploymentPostprocessing = 0;
		};
		7ABFCBE024E4EC010012EF39 /* Frameworks */ = {
			isa = PBXFrameworksBuildPhase;
			buildActionMask = 2147483647;
			files = (
			);
			runOnlyForDeploymentPostprocessing = 0;
		};
		7ABFCBEB24E4EC010012EF39 /* Frameworks */ = {
			isa = PBXFrameworksBuildPhase;
			buildActionMask = 2147483647;
			files = (
			);
			runOnlyForDeploymentPostprocessing = 0;
		};
/* End PBXFrameworksBuildPhase section */

/* Begin PBXGroup section */
		7ABFCBC424E4EBFD0012EF39 = {
			isa = PBXGroup;
			children = (
				7ABFCBCF24E4EBFD0012EF39 /* wallet */,
				7ABFCBE624E4EC010012EF39 /* walletTests */,
				7ABFCBF124E4EC010012EF39 /* walletUITests */,
				7ABFCBCE24E4EBFD0012EF39 /* Products */,
			);
			sourceTree = "<group>";
		};
		7ABFCBCE24E4EBFD0012EF39 /* Products */ = {
			isa = PBXGroup;
			children = (
				7ABFCBCD24E4EBFD0012EF39 /* wallet.app */,
				7ABFCBE324E4EC010012EF39 /* walletTests.xctest */,
				7ABFCBEE24E4EC010012EF39 /* walletUITests.xctest */,
			);
			name = Products;
			sourceTree = "<group>";
		};
		7ABFCBCF24E4EBFD0012EF39 /* wallet */ = {
			isa = PBXGroup;
			children = (
				7ABFCBD024E4EBFD0012EF39 /* AppDelegate.swift */,
				7ABFCBD224E4EBFD0012EF39 /* SceneDelegate.swift */,
				7ABFCBD424E4EBFD0012EF39 /* ContentView.swift */,
				7ABFCBD624E4EC010012EF39 /* Assets.xcassets */,
				7ABFCBDB24E4EC010012EF39 /* LaunchScreen.storyboard */,
				7ABFCBDE24E4EC010012EF39 /* Info.plist */,
				7ABFCBD824E4EC010012EF39 /* Preview Content */,
			);
			path = wallet;
			sourceTree = "<group>";
		};
		7ABFCBD824E4EC010012EF39 /* Preview Content */ = {
			isa = PBXGroup;
			children = (
				7ABFCBD924E4EC010012EF39 /* Preview Assets.xcassets */,
			);
			path = "Preview Content";
			sourceTree = "<group>";
		};
		7ABFCBE624E4EC010012EF39 /* walletTests */ = {
			isa = PBXGroup;
			children = (
				7ABFCBE724E4EC010012EF39 /* walletTests.swift */,
				7ABFCBE924E4EC010012EF39 /* Info.plist */,
			);
			path = walletTests;
			sourceTree = "<group>";
		};
		7ABFCBF124E4EC010012EF39 /* walletUITests */ = {
			isa = PBXGroup;
			children = (
				7ABFCBF224E4EC010012EF39 /* walletUITests.swift */,
				7ABFCBF424E4EC010012EF39 /* Info.plist */,
			);
			path = walletUITests;
			sourceTree = "<group>";
		};
/* End PBXGroup section */

/* Begin PBXNativeTarget section */
		7ABFCBCC24E4EBFD0012EF39 /* wallet */ = {
			isa = PBXNativeTarget;
			buildConfigurationList = 7ABFCBF724E4EC010012EF39 /* Build configuration list for PBXNativeTarget "wallet" */;
			buildPhases = (
				7ABFCBC924E4EBFD0012EF39 /* Sources */,
				7ABFCBCA24E4EBFD0012EF39 /* Frameworks */,
				7ABFCBCB24E4EBFD0012EF39 /* Resources */,
			);
			buildRules = (
			);
			dependencies = (
			);
			name = wallet;
			productName = wallet;
			productReference = 7ABFCBCD24E4EBFD0012EF39 /* wallet.app */;
			productType = "com.apple.product-type.application";
		};
		7ABFCBE224E4EC010012EF39 /* walletTests */ = {
			isa = PBXNativeTarget;
			buildConfigurationList = 7ABFCBFA24E4EC010012EF39 /* Build configuration list for PBXNativeTarget "walletTests" */;
			buildPhases = (
				7ABFCBDF24E4EC010012EF39 /* Sources */,
				7ABFCBE024E4EC010012EF39 /* Frameworks */,
				7ABFCBE124E4EC010012EF39 /* Resources */,
			);
			buildRules = (
			);
			dependencies = (
				7ABFCBE524E4EC010012EF39 /* PBXTargetDependency */,
			);
			name = walletTests;
			productName = walletTests;
			productReference = 7ABFCBE324E4EC010012EF39 /* walletTests.xctest */;
			productType = "com.apple.product-type.bundle.unit-test";
		};
		7ABFCBED24E4EC010012EF39 /* walletUITests */ = {
			isa = PBXNativeTarget;
			buildConfigurationList = 7ABFCBFD24E4EC010012EF39 /* Build configuration list for PBXNativeTarget "walletUITests" */;
			buildPhases = (
				7ABFCBEA24E4EC010012EF39 /* Sources */,
				7ABFCBEB24E4EC010012EF39 /* Frameworks */,
				7ABFCBEC24E4EC010012EF39 /* Resources */,
			);
			buildRules = (
			);
			dependencies = (
				7ABFCBF024E4EC010012EF39 /* PBXTargetDependency */,
			);
			name = walletUITests;
			productName = walletUITests;
			productReference = 7ABFCBEE24E4EC010012EF39 /* walletUITests.xctest */;
			productType = "com.apple.product-type.bundle.ui-testing";
		};
/* End PBXNativeTarget section */

/* Begin PBXProject section */
		7ABFCBC524E4EBFD0012EF39 /* Project object */ = {
			isa = PBXProject;
			attributes = {
				LastSwiftUpdateCheck = 1130;
				LastUpgradeCheck = 1130;
				ORGANIZATIONNAME = "Michael Miller";
				TargetAttributes = {
					7ABFCBCC24E4EBFD0012EF39 = {
						CreatedOnToolsVersion = 11.3.1;
					};
					7ABFCBE224E4EC010012EF39 = {
						CreatedOnToolsVersion = 11.3.1;
						TestTargetID = 7ABFCBCC24E4EBFD0012EF39;
					};
					7ABFCBED24E4EC010012EF39 = {
						CreatedOnToolsVersion = 11.3.1;
						TestTargetID = 7ABFCBCC24E4EBFD0012EF39;
					};
				};
			};
			buildConfigurationList = 7ABFCBC824E4EBFD0012EF39 /* Build configuration list for PBXProject "wallet" */;
			compatibilityVersion = "Xcode 9.3";
			developmentRegion = en;
			hasScannedForEncodings = 0;
			knownRegions = (
				en,
				Base,
			);
			mainGroup = 7ABFCBC424E4EBFD0012EF39;
			productRefGroup = 7ABFCBCE24E4EBFD0012EF39 /* Products */;
			projectDirPath = "";
			projectRoot = "";
			targets = (
				7ABFCBCC24E4EBFD0012EF39 /* wallet */,
				7ABFCBE224E4EC010012EF39 /* walletTests */,
				7ABFCBED24E4EC010012EF39 /* walletUITests */,
			);
		};
/* End PBXProject section */

/* Begin PBXResourcesBuildPhase section */
		7ABFCBCB24E4EBFD0012EF39 /* Resources */ = {
			isa = PBXResourcesBuildPhase;
			buildActionMask = 2147483647;
			files = (
				7ABFCBDD24E4EC010012EF39 /* LaunchScreen.storyboard in Resources */,
				7ABFCBDA24E4EC010012EF39 /* Preview Assets.xcassets in Resources */,
				7ABFCBD724E4EC010012EF39 /* Assets.xcassets in Resources */,
			);
			runOnlyForDeploymentPostprocessing = 0;
		};
		7ABFCBE124E4EC010012EF39 /* Resources */ = {
			isa = PBXResourcesBuildPhase;
			buildActionMask = 2147483647;
			files = (
			);
			runOnlyForDeploymentPostprocessing = 0;
		};
		7ABFCBEC24E4EC010012EF39 /* Resources */ = {
			isa = PBXResourcesBuildPhase;
			buildActionMask = 2147483647;
			files = (
			);
			runOnlyForDeploymentPostprocessing = 0;
		};
/* End PBXResourcesBuildPhase section */

/* Begin PBXSourcesBuildPhase section */
		7ABFCBC924E4EBFD0012EF39 /* Sources */ = {
			isa = PBXSourcesBuildPhase;
			buildActionMask = 2147483647;
			files = (
				7ABFCBD124E4EBFD0012EF39 /* AppDelegate.swift in Sources */,
				7ABFCBD324E4EBFD0012EF39 /* SceneDelegate.swift in Sources */,
				7ABFCBD524E4EBFD0012EF39 /* ContentView.swift in Sources */,
			);
			runOnlyForDeploymentPostprocessing = 0;
		};
		7ABFCBDF24E4EC010012EF39 /* Sources */ = {
			isa = PBXSourcesBuildPhase;
			buildActionMask = 2147483647;
			files = (
				7ABFCBE824E4EC010012EF39 /* walletTests.swift in Sources */,
			);
			runOnlyForDeploymentPostprocessing = 0;
		};
		7ABFCBEA24E4EC010012EF39 /* Sources */ = {
			isa = PBXSourcesBuildPhase;
			buildActionMask = 2147483647;
			files = (
				7ABFCBF324E4EC010012EF39 /* walletUITests.swift in Sources */,
			);
			runOnlyForDeploymentPostprocessing = 0;
		};
/* End PBXSourcesBuildPhase section */

/* Begin PBXTargetDependency section */
		7ABFCBE524E4EC010012EF39 /* PBXTargetDependency */ = {
			isa = PBXTargetDependency;
			target = 7ABFCBCC24E4EBFD0012EF39 /* wallet */;
			targetProxy = 7ABFCBE424E4EC010012EF39 /* PBXContainerItemProxy */;
		};
		7ABFCBF024E4EC010012EF39 /* PBXTargetDependency */ = {
			isa = PBXTargetDependency;
			target = 7ABFCBCC24E4EBFD0012EF39 /* wallet */;
			targetProxy = 7ABFCBEF24E4EC010012EF39 /* PBXContainerItemProxy */;
		};
/* End PBXTargetDependency section */

/* Begin PBXVariantGroup section */
		7ABFCBDB24E4EC010012EF39 /* LaunchScreen.storyboard */ = {
			isa = PBXVariantGroup;
			children = (
				7ABFCBDC24E4EC010012EF39 /* Base */,
			);
			name = LaunchScreen.storyboard;
			sourceTree = "<group>";
		};
/* End PBXVariantGroup section */

/* Begin XCBuildConfiguration section */
		7ABFCBF524E4EC010012EF39 /* Debug */ = {
			isa = XCBuildConfiguration;
			buildSettings = {
				ALWAYS_SEARCH_USER_PATHS = NO;
				CLANG_ANALYZER_NONNULL = YES;
				CLANG_ANALYZER_NUMBER_OBJECT_CONVERSION = YES_AGGRESSIVE;
				CLANG_CXX_LANGUAGE_STANDARD = "gnu++14";
				CLANG_CXX_LIBRARY = "libc++";
				CLANG_ENABLE_MODULES = YES;
				CLANG_ENABLE_OBJC_ARC = YES;
				CLANG_ENABLE_OBJC_WEAK = YES;
				CLANG_WARN_BLOCK_CAPTURE_AUTORELEASING = YES;
				CLANG_WARN_BOOL_CONVERSION = YES;
				CLANG_WARN_COMMA = YES;
				CLANG_WARN_CONSTANT_CONVERSION = YES;
				CLANG_WARN_DEPRECATED_OBJC_IMPLEMENTATIONS = YES;
				CLANG_WARN_DIRECT_OBJC_ISA_USAGE = YES_ERROR;
				CLANG_WARN_DOCUMENTATION_COMMENTS = YES;
				CLANG_WARN_EMPTY_BODY = YES;
				CLANG_WARN_ENUM_CONVERSION = YES;
				CLANG_WARN_INFINITE_RECURSION = YES;
				CLANG_WARN_INT_CONVERSION = YES;
				CLANG_WARN_NON_LITERAL_NULL_CONVERSION = YES;
				CLANG_WARN_OBJC_IMPLICIT_RETAIN_SELF = YES;
				CLANG_WARN_OBJC_LITERAL_CONVERSION = YES;
				CLANG_WARN_OBJC_ROOT_CLASS = YES_ERROR;
				CLANG_WARN_RANGE_LOOP_ANALYSIS = YES;
				CLANG_WARN_STRICT_PROTOTYPES = YES;
				CLANG_WARN_SUSPICIOUS_MOVE = YES;
				CLANG_WARN_UNGUARDED_AVAILABILITY = YES_AGGRESSIVE;
				CLANG_WARN_UNREACHABLE_CODE = YES;
				CLANG_WARN__DUPLICATE_METHOD_MATCH = YES;
				COPY_PHASE_STRIP = NO;
				DEBUG_INFORMATION_FORMAT = dwarf;
				ENABLE_STRICT_OBJC_MSGSEND = YES;
				ENABLE_TESTABILITY = YES;
				GCC_C_LANGUAGE_STANDARD = gnu11;
				GCC_DYNAMIC_NO_PIC = NO;
				GCC_NO_COMMON_BLOCKS = YES;
				GCC_OPTIMIZATION_LEVEL = 0;
				GCC_PREPROCESSOR_DEFINITIONS = (
					"DEBUG=1",
					"$(inherited)",
				);
				GCC_WARN_64_TO_32_BIT_CONVERSION = YES;
				GCC_WARN_ABOUT_RETURN_TYPE = YES_ERROR;
				GCC_WARN_UNDECLARED_SELECTOR = YES;
				GCC_WARN_UNINITIALIZED_AUTOS = YES_AGGRESSIVE;
				GCC_WARN_UNUSED_FUNCTION = YES;
				GCC_WARN_UNUSED_VARIABLE = YES;
				IPHONEOS_DEPLOYMENT_TARGET = 13.2;
				MTL_ENABLE_DEBUG_INFO = INCLUDE_SOURCE;
				MTL_FAST_MATH = YES;
				ONLY_ACTIVE_ARCH = YES;
				SDKROOT = iphoneos;
				SWIFT_ACTIVE_COMPILATION_CONDITIONS = DEBUG;
				SWIFT_OPTIMIZATION_LEVEL = "-Onone";
			};
			name = Debug;
		};
		7ABFCBF624E4EC010012EF39 /* Release */ = {
			isa = XCBuildConfiguration;
			buildSettings = {
				ALWAYS_SEARCH_USER_PATHS = NO;
				CLANG_ANALYZER_NONNULL = YES;
				CLANG_ANALYZER_NUMBER_OBJECT_CONVERSION = YES_AGGRESSIVE;
				CLANG_CXX_LANGUAGE_STANDARD = "gnu++14";
				CLANG_CXX_LIBRARY = "libc++";
				CLANG_ENABLE_MODULES = YES;
				CLANG_ENABLE_OBJC_ARC = YES;
				CLANG_ENABLE_OBJC_WEAK = YES;
				CLANG_WARN_BLOCK_CAPTURE_AUTORELEASING = YES;
				CLANG_WARN_BOOL_CONVERSION = YES;
				CLANG_WARN_COMMA = YES;
				CLANG_WARN_CONSTANT_CONVERSION = YES;
				CLANG_WARN_DEPRECATED_OBJC_IMPLEMENTATIONS = YES;
				CLANG_WARN_DIRECT_OBJC_ISA_USAGE = YES_ERROR;
				CLANG_WARN_DOCUMENTATION_COMMENTS = YES;
				CLANG_WARN_EMPTY_BODY = YES;
				CLANG_WARN_ENUM_CONVERSION = YES;
				CLANG_WARN_INFINITE_RECURSION = YES;
				CLANG_WARN_INT_CONVERSION = YES;
				CLANG_WARN_NON_LITERAL_NULL_CONVERSION = YES;
				CLANG_WARN_OBJC_IMPLICIT_RETAIN_SELF = YES;
				CLANG_WARN_OBJC_LITERAL_CONVERSION = YES;
				CLANG_WARN_OBJC_ROOT_CLASS = YES_ERROR;
				CLANG_WARN_RANGE_LOOP_ANALYSIS = YES;
				CLANG_WARN_STRICT_PROTOTYPES = YES;
				CLANG_WARN_SUSPICIOUS_MOVE = YES;
				CLANG_WARN_UNGUARDED_AVAILABILITY = YES_AGGRESSIVE;
				CLANG_WARN_UNREACHABLE_CODE = YES;
				CLANG_WARN__DUPLICATE_METHOD_MATCH = YES;
				COPY_PHASE_STRIP = NO;
				DEBUG_INFORMATION_FORMAT = "dwarf-with-dsym";
				ENABLE_NS_ASSERTIONS = NO;
				ENABLE_STRICT_OBJC_MSGSEND = YES;
				GCC_C_LANGUAGE_STANDARD = gnu11;
				GCC_NO_COMMON_BLOCKS = YES;
				GCC_WARN_64_TO_32_BIT_CONVERSION = YES;
				GCC_WARN_ABOUT_RETURN_TYPE = YES_ERROR;
				GCC_WARN_UNDECLARED_SELECTOR = YES;
				GCC_WARN_UNINITIALIZED_AUTOS = YES_AGGRESSIVE;
				GCC_WARN_UNUSED_FUNCTION = YES;
				GCC_WARN_UNUSED_VARIABLE = YES;
				IPHONEOS_DEPLOYMENT_TARGET = 13.2;
				MTL_ENABLE_DEBUG_INFO = NO;
				MTL_FAST_MATH = YES;
				SDKROOT = iphoneos;
				SWIFT_COMPILATION_MODE = wholemodule;
				SWIFT_OPTIMIZATION_LEVEL = "-O";
				VALIDATE_PRODUCT = YES;
			};
			name = Release;
		};
		7ABFCBF824E4EC010012EF39 /* Debug */ = {
			isa = XCBuildConfiguration;
			buildSettings = {
				ASSETCATALOG_COMPILER_APPICON_NAME = AppIcon;
				CODE_SIGN_STYLE = Automatic;
				DEVELOPMENT_ASSET_PATHS = "\"wallet/Preview Content\"";
				DEVELOPMENT_TEAM = VJQ245Q28G;
				ENABLE_PREVIEWS = YES;
				INFOPLIST_FILE = wallet/Info.plist;
				LD_RUNPATH_SEARCH_PATHS = (
					"$(inherited)",
					"@executable_path/Frameworks",
				);
				PRODUCT_BUNDLE_IDENTIFIER = app.cheddar.wallet;
				PRODUCT_NAME = "$(TARGET_NAME)";
				SWIFT_VERSION = 5.0;
				TARGETED_DEVICE_FAMILY = "1,2";
			};
			name = Debug;
		};
		7ABFCBF924E4EC010012EF39 /* Release */ = {
			isa = XCBuildConfiguration;
			buildSettings = {
				ASSETCATALOG_COMPILER_APPICON_NAME = AppIcon;
				CODE_SIGN_STYLE = Automatic;
				DEVELOPMENT_ASSET_PATHS = "\"wallet/Preview Content\"";
				DEVELOPMENT_TEAM = VJQ245Q28G;
				ENABLE_PREVIEWS = YES;
				INFOPLIST_FILE = wallet/Info.plist;
				LD_RUNPATH_SEARCH_PATHS = (
					"$(inherited)",
					"@executable_path/Frameworks",
				);
				PRODUCT_BUNDLE_IDENTIFIER = app.cheddar.wallet;
				PRODUCT_NAME = "$(TARGET_NAME)";
				SWIFT_VERSION = 5.0;
				TARGETED_DEVICE_FAMILY = "1,2";
			};
			name = Release;
		};
		7ABFCBFB24E4EC010012EF39 /* Debug */ = {
			isa = XCBuildConfiguration;
			buildSettings = {
				ALWAYS_EMBED_SWIFT_STANDARD_LIBRARIES = YES;
				BUNDLE_LOADER = "$(TEST_HOST)";
				CODE_SIGN_STYLE = Automatic;
				DEVELOPMENT_TEAM = VJQ245Q28G;
				INFOPLIST_FILE = walletTests/Info.plist;
				IPHONEOS_DEPLOYMENT_TARGET = 13.2;
				LD_RUNPATH_SEARCH_PATHS = (
					"$(inherited)",
					"@executable_path/Frameworks",
					"@loader_path/Frameworks",
				);
				PRODUCT_BUNDLE_IDENTIFIER = app.cheddar.walletTests;
				PRODUCT_NAME = "$(TARGET_NAME)";
				SWIFT_VERSION = 5.0;
				TARGETED_DEVICE_FAMILY = "1,2";
				TEST_HOST = "$(BUILT_PRODUCTS_DIR)/wallet.app/wallet";
			};
			name = Debug;
		};
		7ABFCBFC24E4EC010012EF39 /* Release */ = {
			isa = XCBuildConfiguration;
			buildSettings = {
				ALWAYS_EMBED_SWIFT_STANDARD_LIBRARIES = YES;
				BUNDLE_LOADER = "$(TEST_HOST)";
				CODE_SIGN_STYLE = Automatic;
				DEVELOPMENT_TEAM = VJQ245Q28G;
				INFOPLIST_FILE = walletTests/Info.plist;
				IPHONEOS_DEPLOYMENT_TARGET = 13.2;
				LD_RUNPATH_SEARCH_PATHS = (
					"$(inherited)",
					"@executable_path/Frameworks",
					"@loader_path/Frameworks",
				);
				PRODUCT_BUNDLE_IDENTIFIER = app.cheddar.walletTests;
				PRODUCT_NAME = "$(TARGET_NAME)";
				SWIFT_VERSION = 5.0;
				TARGETED_DEVICE_FAMILY = "1,2";
				TEST_HOST = "$(BUILT_PRODUCTS_DIR)/wallet.app/wallet";
			};
			name = Release;
		};
		7ABFCBFE24E4EC010012EF39 /* Debug */ = {
			isa = XCBuildConfiguration;
			buildSettings = {
				ALWAYS_EMBED_SWIFT_STANDARD_LIBRARIES = YES;
				CODE_SIGN_STYLE = Automatic;
				DEVELOPMENT_TEAM = VJQ245Q28G;
				INFOPLIST_FILE = walletUITests/Info.plist;
				LD_RUNPATH_SEARCH_PATHS = (
					"$(inherited)",
					"@executable_path/Frameworks",
					"@loader_path/Frameworks",
				);
				PRODUCT_BUNDLE_IDENTIFIER = app.cheddar.walletUITests;
				PRODUCT_NAME = "$(TARGET_NAME)";
				SWIFT_VERSION = 5.0;
				TARGETED_DEVICE_FAMILY = "1,2";
				TEST_TARGET_NAME = wallet;
			};
			name = Debug;
		};
		7ABFCBFF24E4EC010012EF39 /* Release */ = {
			isa = XCBuildConfiguration;
			buildSettings = {
				ALWAYS_EMBED_SWIFT_STANDARD_LIBRARIES = YES;
				CODE_SIGN_STYLE = Automatic;
				DEVELOPMENT_TEAM = VJQ245Q28G;
				INFOPLIST_FILE = walletUITests/Info.plist;
				LD_RUNPATH_SEARCH_PATHS = (
					"$(inherited)",
					"@executable_path/Frameworks",
					"@loader_path/Frameworks",
				);
				PRODUCT_BUNDLE_IDENTIFIER = app.cheddar.walletUITests;
				PRODUCT_NAME = "$(TARGET_NAME)";
				SWIFT_VERSION = 5.0;
				TARGETED_DEVICE_FAMILY = "1,2";
				TEST_TARGET_NAME = wallet;
			};
			name = Release;
		};
/* End XCBuildConfiguration section */

/* Begin XCConfigurationList section */
		7ABFCBC824E4EBFD0012EF39 /* Build configuration list for PBXProject "wallet" */ = {
			isa = XCConfigurationList;
			buildConfigurations = (
				7ABFCBF524E4EC010012EF39 /* Debug */,
				7ABFCBF624E4EC010012EF39 /* Release */,
			);
			defaultConfigurationIsVisible = 0;
			defaultConfigurationName = Release;
		};
		7ABFCBF724E4EC010012EF39 /* Build configuration list for PBXNativeTarget "wallet" */ = {
			isa = XCConfigurationList;
			buildConfigurations = (
				7ABFCBF824E4EC010012EF39 /* Debug */,
				7ABFCBF924E4EC010012EF39 /* Release */,
			);
			defaultConfigurationIsVisible = 0;
			defaultConfigurationName = Release;
		};
		7ABFCBFA24E4EC010012EF39 /* Build configuration list for PBXNativeTarget "walletTests" */ = {
			isa = XCConfigurationList;
			buildConfigurations = (
				7ABFCBFB24E4EC010012EF39 /* Debug */,
				7ABFCBFC24E4EC010012EF39 /* Release */,
			);
			defaultConfigurationIsVisible = 0;
			defaultConfigurationName = Release;
		};
		7ABFCBFD24E4EC010012EF39 /* Build configuration list for PBXNativeTarget "walletUITests" */ = {
			isa = XCConfigurationList;
			buildConfigurations = (
				7ABFCBFE24E4EC010012EF39 /* Debug */,
				7ABFCBFF24E4EC010012EF39 /* Release */,
			);
			defaultConfigurationIsVisible = 0;
			defaultConfigurationName = Release;
		};
/* End XCConfigurationList section */
	};
	rootObject = 7ABFCBC524E4EBFD0012EF39 /* Project object */;
}
